
Microsoft Visual Studio Solution File, Format Version 12.00
# Visual Studio Version 16
VisualStudioVersion = 16.0.808.0
MinimumVisualStudioVersion = 10.0.40219.1
Project("{FAE04EC0-301F-11D3-BF4B-00C04F79EFBC}") = "05-SunnyWithAchanceOfAsteroids", "05-SunnyWithAchanceOfAsteroids\05-SunnyWithAchanceOfAsteroids.csproj", "{2FFCF670-4680-4B6E-A5A5-2F2FE45804C7}"
EndProject
Project("{FAE04EC0-301F-11D3-BF4B-00C04F79EFBC}") = "01-TheTyrranyOfTheRocketEquation", "01-TheTyrranyOfTheRockeEquation\01-TheTyrranyOfTheRocketEquation.csproj", "{50088603-8A93-45E5-A909-B85DCA141983}"
EndProject
Project("{FAE04EC0-301F-11D3-BF4B-00C04F79EFBC}") = "02-ProgramAlarm", "02-ProgramAlarm\02-ProgramAlarm.csproj", "{6B6D01B6-A6E8-4203-BF0B-67B39C512457}"
EndProject
Project("{FAE04EC0-301F-11D3-BF4B-00C04F79EFBC}") = "03-CrossedWires", "03-CrossedWires\03-CrossedWires.csproj", "{093E3D5A-40F8-4E89-AB98-A409C847E650}"
EndProject
Project("{FAE04EC0-301F-11D3-BF4B-00C04F79EFBC}") = "04-SecureContainer", "04-SecureContainer\04-SecureContainer.csproj", "{B23BF7B0-DE57-4ADF-A0E4-9313C142FA67}"
EndProject
Project("{FAE04EC0-301F-11D3-BF4B-00C04F79EFBC}") = "06-UniversalOrbitMap", "06-UniversalOrbitMap\06-UniversalOrbitMap.csproj", "{EE4D159F-6CE4-4D7A-AA9F-9BADACD215A1}"
EndProject
Project("{FAE04EC0-301F-11D3-BF4B-00C04F79EFBC}") = "07-AmplificationCircuit", "07-AmplificationCircuit\07-AmplificationCircuit.csproj", "{87B9D06F-0CF8-41A2-8AB2-0832E2ED5766}"
EndProject
Project("{9344BDBB-3E7F-41FC-A0DD-8665D75EE146}") = "IntcodeComputer", "IntcodeComputer\IntcodeComputer.csproj", "{FDADC27B-851D-4AE3-8970-C4F3D067FB78}"
EndProject
Project("{FAE04EC0-301F-11D3-BF4B-00C04F79EFBC}") = "08-SpaceImageFormat", "08-SpaceImageFormat\08-SpaceImageFormat.csproj", "{FB6E59EC-C4AD-44C6-97D3-5BDD588D0C40}"
EndProject
Project("{FAE04EC0-301F-11D3-BF4B-00C04F79EFBC}") = "09-SensorBoost", "09-SensorBoost\09-SensorBoost.csproj", "{1F458D5D-158B-4AD3-94B8-5B45C366D052}"
EndProject
Project("{FAE04EC0-301F-11D3-BF4B-00C04F79EFBC}") = "10-MonitoringStation", "10-MonitoringStation\10-MonitoringStation.csproj", "{49A72E94-787E-43DF-9373-7A8E4085E4B2}"
EndProject
Project("{FAE04EC0-301F-11D3-BF4B-00C04F79EFBC}") = "11-SpacePolice", "11-SpacePolice\11-SpacePolice.csproj", "{16372631-E737-4CC2-B3CC-B313D1B61026}"
EndProject
Project("{FAE04EC0-301F-11D3-BF4B-00C04F79EFBC}") = "12-TheNBodyProblem", "12-TheNBodyProblem\12-TheNBodyProblem.csproj", "{68C47DC1-5F1B-44AA-AD2F-5517B82FFB37}"
EndProject
Project("{FAE04EC0-301F-11D3-BF4B-00C04F79EFBC}") = "13-CarePackage", "13-CarePackage\13-CarePackage.csproj", "{17DF4330-2289-4F8A-953F-82EE5918FAB5}"
EndProject
Global
	GlobalSection(SolutionConfigurationPlatforms) = preSolution
		Debug|Any CPU = Debug|Any CPU
		Release|Any CPU = Release|Any CPU
	EndGlobalSection
	GlobalSection(ProjectConfigurationPlatforms) = postSolution
		{2FFCF670-4680-4B6E-A5A5-2F2FE45804C7}.Debug|Any CPU.ActiveCfg = Debug|Any CPU
		{2FFCF670-4680-4B6E-A5A5-2F2FE45804C7}.Debug|Any CPU.Build.0 = Debug|Any CPU
		{2FFCF670-4680-4B6E-A5A5-2F2FE45804C7}.Release|Any CPU.ActiveCfg = Release|Any CPU
		{2FFCF670-4680-4B6E-A5A5-2F2FE45804C7}.Release|Any CPU.Build.0 = Release|Any CPU
		{50088603-8A93-45E5-A909-B85DCA141983}.Debug|Any CPU.ActiveCfg = Debug|Any CPU
		{50088603-8A93-45E5-A909-B85DCA141983}.Debug|Any CPU.Build.0 = Debug|Any CPU
		{50088603-8A93-45E5-A909-B85DCA141983}.Release|Any CPU.ActiveCfg = Release|Any CPU
		{50088603-8A93-45E5-A909-B85DCA141983}.Release|Any CPU.Build.0 = Release|Any CPU
		{6B6D01B6-A6E8-4203-BF0B-67B39C512457}.Debug|Any CPU.ActiveCfg = Debug|Any CPU
		{6B6D01B6-A6E8-4203-BF0B-67B39C512457}.Debug|Any CPU.Build.0 = Debug|Any CPU
		{6B6D01B6-A6E8-4203-BF0B-67B39C512457}.Release|Any CPU.ActiveCfg = Release|Any CPU
		{6B6D01B6-A6E8-4203-BF0B-67B39C512457}.Release|Any CPU.Build.0 = Release|Any CPU
		{093E3D5A-40F8-4E89-AB98-A409C847E650}.Debug|Any CPU.ActiveCfg = Debug|Any CPU
		{093E3D5A-40F8-4E89-AB98-A409C847E650}.Debug|Any CPU.Build.0 = Debug|Any CPU
		{093E3D5A-40F8-4E89-AB98-A409C847E650}.Release|Any CPU.ActiveCfg = Release|Any CPU
		{093E3D5A-40F8-4E89-AB98-A409C847E650}.Release|Any CPU.Build.0 = Release|Any CPU
		{B23BF7B0-DE57-4ADF-A0E4-9313C142FA67}.Debug|Any CPU.ActiveCfg = Debug|Any CPU
		{B23BF7B0-DE57-4ADF-A0E4-9313C142FA67}.Debug|Any CPU.Build.0 = Debug|Any CPU
		{B23BF7B0-DE57-4ADF-A0E4-9313C142FA67}.Release|Any CPU.ActiveCfg = Release|Any CPU
		{B23BF7B0-DE57-4ADF-A0E4-9313C142FA67}.Release|Any CPU.Build.0 = Release|Any CPU
		{EE4D159F-6CE4-4D7A-AA9F-9BADACD215A1}.Debug|Any CPU.ActiveCfg = Debug|Any CPU
		{EE4D159F-6CE4-4D7A-AA9F-9BADACD215A1}.Debug|Any CPU.Build.0 = Debug|Any CPU
		{EE4D159F-6CE4-4D7A-AA9F-9BADACD215A1}.Release|Any CPU.ActiveCfg = Release|Any CPU
		{EE4D159F-6CE4-4D7A-AA9F-9BADACD215A1}.Release|Any CPU.Build.0 = Release|Any CPU
		{87B9D06F-0CF8-41A2-8AB2-0832E2ED5766}.Debug|Any CPU.ActiveCfg = Debug|Any CPU
		{87B9D06F-0CF8-41A2-8AB2-0832E2ED5766}.Debug|Any CPU.Build.0 = Debug|Any CPU
		{87B9D06F-0CF8-41A2-8AB2-0832E2ED5766}.Release|Any CPU.ActiveCfg = Release|Any CPU
		{87B9D06F-0CF8-41A2-8AB2-0832E2ED5766}.Release|Any CPU.Build.0 = Release|Any CPU
		{FDADC27B-851D-4AE3-8970-C4F3D067FB78}.Debug|Any CPU.ActiveCfg = Debug|Any CPU
		{FDADC27B-851D-4AE3-8970-C4F3D067FB78}.Debug|Any CPU.Build.0 = Debug|Any CPU
		{FDADC27B-851D-4AE3-8970-C4F3D067FB78}.Release|Any CPU.ActiveCfg = Release|Any CPU
		{FDADC27B-851D-4AE3-8970-C4F3D067FB78}.Release|Any CPU.Build.0 = Release|Any CPU
		{FB6E59EC-C4AD-44C6-97D3-5BDD588D0C40}.Debug|Any CPU.ActiveCfg = Debug|Any CPU
		{FB6E59EC-C4AD-44C6-97D3-5BDD588D0C40}.Debug|Any CPU.Build.0 = Debug|Any CPU
		{FB6E59EC-C4AD-44C6-97D3-5BDD588D0C40}.Release|Any CPU.ActiveCfg = Release|Any CPU
		{FB6E59EC-C4AD-44C6-97D3-5BDD588D0C40}.Release|Any CPU.Build.0 = Release|Any CPU
		{1F458D5D-158B-4AD3-94B8-5B45C366D052}.Debug|Any CPU.ActiveCfg = Debug|Any CPU
		{1F458D5D-158B-4AD3-94B8-5B45C366D052}.Debug|Any CPU.Build.0 = Debug|Any CPU
		{1F458D5D-158B-4AD3-94B8-5B45C366D052}.Release|Any CPU.ActiveCfg = Release|Any CPU
		{1F458D5D-158B-4AD3-94B8-5B45C366D052}.Release|Any CPU.Build.0 = Release|Any CPU
		{49A72E94-787E-43DF-9373-7A8E4085E4B2}.Debug|Any CPU.ActiveCfg = Debug|Any CPU
		{49A72E94-787E-43DF-9373-7A8E4085E4B2}.Debug|Any CPU.Build.0 = Debug|Any CPU
		{49A72E94-787E-43DF-9373-7A8E4085E4B2}.Release|Any CPU.ActiveCfg = Release|Any CPU
		{49A72E94-787E-43DF-9373-7A8E4085E4B2}.Release|Any CPU.Build.0 = Release|Any CPU
		{16372631-E737-4CC2-B3CC-B313D1B61026}.Debug|Any CPU.ActiveCfg = Debug|Any CPU
		{16372631-E737-4CC2-B3CC-B313D1B61026}.Debug|Any CPU.Build.0 = Debug|Any CPU
		{16372631-E737-4CC2-B3CC-B313D1B61026}.Release|Any CPU.ActiveCfg = Release|Any CPU
		{16372631-E737-4CC2-B3CC-B313D1B61026}.Release|Any CPU.Build.0 = Release|Any CPU
		{68C47DC1-5F1B-44AA-AD2F-5517B82FFB37}.Debug|Any CPU.ActiveCfg = Debug|Any CPU
		{68C47DC1-5F1B-44AA-AD2F-5517B82FFB37}.Debug|Any CPU.Build.0 = Debug|Any CPU
		{68C47DC1-5F1B-44AA-AD2F-5517B82FFB37}.Release|Any CPU.ActiveCfg = Release|Any CPU
		{68C47DC1-5F1B-44AA-AD2F-5517B82FFB37}.Release|Any CPU.Build.0 = Release|Any CPU
		{17DF4330-2289-4F8A-953F-82EE5918FAB5}.Debug|Any CPU.ActiveCfg = Debug|Any CPU
		{17DF4330-2289-4F8A-953F-82EE5918FAB5}.Debug|Any CPU.Build.0 = Debug|Any CPU
		{17DF4330-2289-4F8A-953F-82EE5918FAB5}.Release|Any CPU.ActiveCfg = Release|Any CPU
		{17DF4330-2289-4F8A-953F-82EE5918FAB5}.Release|Any CPU.Build.0 = Release|Any CPU
	EndGlobalSection
	GlobalSection(SolutionProperties) = preSolution
		HideSolutionNode = FALSE
	EndGlobalSection
	GlobalSection(ExtensibilityGlobals) = postSolution
		SolutionGuid = {E8A0FFF4-0793-4543-AC8C-CCEA9490FBE4}
	EndGlobalSection
EndGlobal
